
Microsoft Visual Studio Solution File, Format Version 12.00
# Visual Studio Version 16
VisualStudioVersion = 16.0.28531.58
MinimumVisualStudioVersion = 10.0.40219.1
Project("{FAE04EC0-301F-11D3-BF4B-00C04F79EFBC}") = "XboxOn.Tray", "XboxOn.Tray\XboxOn.Tray.csproj", "{6A6FCB6E-BE9F-47F2-8045-2DF943332F2E}"
EndProject
Global
	GlobalSection(SolutionConfigurationPlatforms) = preSolution
		Debug|Any CPU = Debug|Any CPU
		Release|Any CPU = Release|Any CPU
	EndGlobalSection
	GlobalSection(ProjectConfigurationPlatforms) = postSolution
		{6A6FCB6E-BE9F-47F2-8045-2DF943332F2E}.Debug|Any CPU.ActiveCfg = Debug|Any CPU
		{6A6FCB6E-BE9F-47F2-8045-2DF943332F2E}.Debug|Any CPU.Build.0 = Debug|Any CPU
		{6A6FCB6E-BE9F-47F2-8045-2DF943332F2E}.Release|Any CPU.ActiveCfg = Release|Any CPU
		{6A6FCB6E-BE9F-47F2-8045-2DF943332F2E}.Release|Any CPU.Build.0 = Release|Any CPU
	EndGlobalSection
	GlobalSection(SolutionProperties) = preSolution
		HideSolutionNode = FALSE
	EndGlobalSection
	GlobalSection(ExtensibilityGlobals) = postSolution
		SolutionGuid = {6BB88A2E-863D-44B7-A0E5-B91C4F1E0F8B}
	EndGlobalSection
EndGlobal
